
Microsoft Visual Studio Solution File, Format Version 12.00
# Visual Studio 15
VisualStudioVersion = 15.0.27428.2002
MinimumVisualStudioVersion = 10.0.40219.1
Project("{FAE04EC0-301F-11D3-BF4B-00C04F79EFBC}") = "CSharpBasics", "CSharpBasics\CSharpBasics.csproj", "{B446F0F3-9EEC-4072-B3DC-F9D40BF356B8}"
EndProject
Global
	GlobalSection(SolutionConfigurationPlatforms) = preSolution
		Debug|Any CPU = Debug|Any CPU
		Release|Any CPU = Release|Any CPU
	EndGlobalSection
	GlobalSection(ProjectConfigurationPlatforms) = postSolution
		{B446F0F3-9EEC-4072-B3DC-F9D40BF356B8}.Debug|Any CPU.ActiveCfg = Debug|Any CPU
		{B446F0F3-9EEC-4072-B3DC-F9D40BF356B8}.Debug|Any CPU.Build.0 = Debug|Any CPU
		{B446F0F3-9EEC-4072-B3DC-F9D40BF356B8}.Release|Any CPU.ActiveCfg = Release|Any CPU
		{B446F0F3-9EEC-4072-B3DC-F9D40BF356B8}.Release|Any CPU.Build.0 = Release|Any CPU
	EndGlobalSection
	GlobalSection(SolutionProperties) = preSolution
		HideSolutionNode = FALSE
	EndGlobalSection
	GlobalSection(ExtensibilityGlobals) = postSolution
		SolutionGuid = {788724D4-1E0F-4E55-8499-B860FD13BC60}
	EndGlobalSection
EndGlobal
